
Microsoft Visual Studio Solution File, Format Version 12.00
# Visual Studio Version 16
VisualStudioVersion = 25.0.1706.1
MinimumVisualStudioVersion = 10.0.40219.1
Project("{FAE04EC0-301F-11D3-BF4B-00C04F79EFBC}") = "DotNetAssignment", "DotNetAssignment\DotNetAssignment.csproj", "{F9F533FB-41ED-4077-9A7E-8AC553299975}"
EndProject
Project("{FAE04EC0-301F-11D3-BF4B-00C04F79EFBC}") = "DotNetAssignment.Tests", "DotNetAssignment.Tests\DotNetAssignment.Tests.csproj", "{8494E3A5-69E1-4A16-9D9E-819A87998740}"
EndProject
Global
	GlobalSection(SolutionConfigurationPlatforms) = preSolution
		Debug|Any CPU = Debug|Any CPU
		Release|Any CPU = Release|Any CPU
	EndGlobalSection
	GlobalSection(ProjectConfigurationPlatforms) = postSolution
		{F9F533FB-41ED-4077-9A7E-8AC553299975}.Debug|Any CPU.ActiveCfg = Debug|Any CPU
		{F9F533FB-41ED-4077-9A7E-8AC553299975}.Debug|Any CPU.Build.0 = Debug|Any CPU
		{F9F533FB-41ED-4077-9A7E-8AC553299975}.Release|Any CPU.ActiveCfg = Release|Any CPU
		{F9F533FB-41ED-4077-9A7E-8AC553299975}.Release|Any CPU.Build.0 = Release|Any CPU
		{8494E3A5-69E1-4A16-9D9E-819A87998740}.Debug|Any CPU.ActiveCfg = Debug|Any CPU
		{8494E3A5-69E1-4A16-9D9E-819A87998740}.Debug|Any CPU.Build.0 = Debug|Any CPU
		{8494E3A5-69E1-4A16-9D9E-819A87998740}.Release|Any CPU.ActiveCfg = Release|Any CPU
		{8494E3A5-69E1-4A16-9D9E-819A87998740}.Release|Any CPU.Build.0 = Release|Any CPU
	EndGlobalSection
	GlobalSection(SolutionProperties) = preSolution
		HideSolutionNode = FALSE
	EndGlobalSection
	GlobalSection(ExtensibilityGlobals) = postSolution
		SolutionGuid = {75325918-70F8-47AD-B84D-5B5C56B9EC10}
	EndGlobalSection
EndGlobal
